// !$*UTF8*$!
{
	archiveVersion = 1;
	classes = {
	};
	objectVersion = 48;
	objects = {

/* Begin PBXBuildFile section */
		CFC2E45320216EF40022C760 /* AppDelegate.swift in Sources */ = {isa = PBXBuildFile; fileRef = CFC2E45220216EF40022C760 /* AppDelegate.swift */; };
		CFC2E45520216EF40022C760 /* ViewController.swift in Sources */ = {isa = PBXBuildFile; fileRef = CFC2E45420216EF40022C760 /* ViewController.swift */; };
		CFC2E45820216EF40022C760 /* Main.storyboard in Resources */ = {isa = PBXBuildFile; fileRef = CFC2E45620216EF40022C760 /* Main.storyboard */; };
		CFC2E45A20216EF40022C760 /* Assets.xcassets in Resources */ = {isa = PBXBuildFile; fileRef = CFC2E45920216EF40022C760 /* Assets.xcassets */; };
		CFC2E45D20216EF40022C760 /* LaunchScreen.storyboard in Resources */ = {isa = PBXBuildFile; fileRef = CFC2E45B20216EF40022C760 /* LaunchScreen.storyboard */; };
		CFC2E46B202170980022C760 /* Person.swift in Sources */ = {isa = PBXBuildFile; fileRef = CFC2E46A202170980022C760 /* Person.swift */; };
		CFC2E46D20217C250022C760 /* RoundedImageView.swift in Sources */ = {isa = PBXBuildFile; fileRef = CFC2E46C20217C250022C760 /* RoundedImageView.swift */; };
/* End PBXBuildFile section */

/* Begin PBXFileReference section */
		CFC2E44F20216EF40022C760 /* MVC-Test.app */ = {isa = PBXFileReference; explicitFileType = wrapper.application; includeInIndex = 0; path = "MVC-Test.app"; sourceTree = BUILT_PRODUCTS_DIR; };
		CFC2E45220216EF40022C760 /* AppDelegate.swift */ = {isa = PBXFileReference; lastKnownFileType = sourcecode.swift; path = AppDelegate.swift; sourceTree = "<group>"; };
		CFC2E45420216EF40022C760 /* ViewController.swift */ = {isa = PBXFileReference; lastKnownFileType = sourcecode.swift; path = ViewController.swift; sourceTree = "<group>"; };
		CFC2E45720216EF40022C760 /* Base */ = {isa = PBXFileReference; lastKnownFileType = file.storyboard; name = Base; path = Base.lproj/Main.storyboard; sourceTree = "<group>"; };
		CFC2E45920216EF40022C760 /* Assets.xcassets */ = {isa = PBXFileReference; lastKnownFileType = folder.assetcatalog; path = Assets.xcassets; sourceTree = "<group>"; };
		CFC2E45C20216EF40022C760 /* Base */ = {isa = PBXFileReference; lastKnownFileType = file.storyboard; name = Base; path = Base.lproj/LaunchScreen.storyboard; sourceTree = "<group>"; };
		CFC2E45E20216EF40022C760 /* Info.plist */ = {isa = PBXFileReference; lastKnownFileType = text.plist.xml; path = Info.plist; sourceTree = "<group>"; };
		CFC2E46A202170980022C760 /* Person.swift */ = {isa = PBXFileReference; lastKnownFileType = sourcecode.swift; path = Person.swift; sourceTree = "<group>"; };
		CFC2E46C20217C250022C760 /* RoundedImageView.swift */ = {isa = PBXFileReference; lastKnownFileType = sourcecode.swift; path = RoundedImageView.swift; sourceTree = "<group>"; };
/* End PBXFileReference section */

/* Begin PBXFrameworksBuildPhase section */
		CFC2E44C20216EF40022C760 /* Frameworks */ = {
			isa = PBXFrameworksBuildPhase;
			buildActionMask = 2147483647;
			files = (
			);
			runOnlyForDeploymentPostprocessing = 0;
		};
/* End PBXFrameworksBuildPhase section */

/* Begin PBXGroup section */
		CFC2E44620216EF40022C760 = {
			isa = PBXGroup;
			children = (
				CFC2E45120216EF40022C760 /* MVC-Test */,
				CFC2E45020216EF40022C760 /* Products */,
			);
			sourceTree = "<group>";
		};
		CFC2E45020216EF40022C760 /* Products */ = {
			isa = PBXGroup;
			children = (
				CFC2E44F20216EF40022C760 /* MVC-Test.app */,
			);
			name = Products;
			sourceTree = "<group>";
		};
		CFC2E45120216EF40022C760 /* MVC-Test */ = {
			isa = PBXGroup;
			children = (
				CFC2E469202170600022C760 /* Util */,
				CFC2E468202170410022C760 /* Resources */,
				CFC2E46620216F9A0022C760 /* Model */,
				CFC2E46720216FAE0022C760 /* View */,
				CFC2E46420216F7B0022C760 /* Controller */,
				CFC2E45220216EF40022C760 /* AppDelegate.swift */,
				CFC2E45420216EF40022C760 /* ViewController.swift */,
				CFC2E45620216EF40022C760 /* Main.storyboard */,
				CFC2E45920216EF40022C760 /* Assets.xcassets */,
				CFC2E45B20216EF40022C760 /* LaunchScreen.storyboard */,
				CFC2E45E20216EF40022C760 /* Info.plist */,
			);
			path = "MVC-Test";
			sourceTree = "<group>";
		};
		CFC2E46420216F7B0022C760 /* Controller */ = {
			isa = PBXGroup;
			children = (
			);
			path = Controller;
			sourceTree = "<group>";
		};
		CFC2E46620216F9A0022C760 /* Model */ = {
			isa = PBXGroup;
			children = (
				CFC2E46A202170980022C760 /* Person.swift */,
			);
			path = Model;
			sourceTree = "<group>";
		};
		CFC2E46720216FAE0022C760 /* View */ = {
			isa = PBXGroup;
			children = (
				CFC2E46C20217C250022C760 /* RoundedImageView.swift */,
			);
			path = View;
			sourceTree = "<group>";
		};
		CFC2E468202170410022C760 /* Resources */ = {
			isa = PBXGroup;
			children = (
			);
			path = Resources;
			sourceTree = "<group>";
		};
		CFC2E469202170600022C760 /* Util */ = {
			isa = PBXGroup;
			children = (
			);
			path = Util;
			sourceTree = "<group>";
		};
/* End PBXGroup section */

/* Begin PBXNativeTarget section */
		CFC2E44E20216EF40022C760 /* MVC-Test */ = {
			isa = PBXNativeTarget;
			buildConfigurationList = CFC2E46120216EF40022C760 /* Build configuration list for PBXNativeTarget "MVC-Test" */;
			buildPhases = (
				CFC2E44B20216EF40022C760 /* Sources */,
				CFC2E44C20216EF40022C760 /* Frameworks */,
				CFC2E44D20216EF40022C760 /* Resources */,
			);
			buildRules = (
			);
			dependencies = (
			);
			name = "MVC-Test";
			productName = "MVC-Test";
			productReference = CFC2E44F20216EF40022C760 /* MVC-Test.app */;
			productType = "com.apple.product-type.application";
		};
/* End PBXNativeTarget section */

/* Begin PBXProject section */
		CFC2E44720216EF40022C760 /* Project object */ = {
			isa = PBXProject;
			attributes = {
				LastSwiftUpdateCheck = 0920;
				LastUpgradeCheck = 0920;
				ORGANIZATIONNAME = Foalster;
				TargetAttributes = {
					CFC2E44E20216EF40022C760 = {
						CreatedOnToolsVersion = 9.2;
						ProvisioningStyle = Automatic;
					};
				};
			};
			buildConfigurationList = CFC2E44A20216EF40022C760 /* Build configuration list for PBXProject "MVC-Test" */;
			compatibilityVersion = "Xcode 8.0";
			developmentRegion = en;
			hasScannedForEncodings = 0;
			knownRegions = (
				en,
				Base,
			);
			mainGroup = CFC2E44620216EF40022C760;
			productRefGroup = CFC2E45020216EF40022C760 /* Products */;
			projectDirPath = "";
			projectRoot = "";
			targets = (
				CFC2E44E20216EF40022C760 /* MVC-Test */,
			);
		};
/* End PBXProject section */

/* Begin PBXResourcesBuildPhase section */
		CFC2E44D20216EF40022C760 /* Resources */ = {
			isa = PBXResourcesBuildPhase;
			buildActionMask = 2147483647;
			files = (
				CFC2E45D20216EF40022C760 /* LaunchScreen.storyboard in Resources */,
				CFC2E45A20216EF40022C760 /* Assets.xcassets in Resources */,
				CFC2E45820216EF40022C760 /* Main.storyboard in Resources */,
			);
			runOnlyForDeploymentPostprocessing = 0;
		};
/* End PBXResourcesBuildPhase section */

/* Begin PBXSourcesBuildPhase section */
		CFC2E44B20216EF40022C760 /* Sources */ = {
			isa = PBXSourcesBuildPhase;
			buildActionMask = 2147483647;
			files = (
				CFC2E46D20217C250022C760 /* RoundedImageView.swift in Sources */,
				CFC2E46B202170980022C760 /* Person.swift in Sources */,
				CFC2E45520216EF40022C760 /* ViewController.swift in Sources */,
				CFC2E45320216EF40022C760 /* AppDelegate.swift in Sources */,
			);
			runOnlyForDeploymentPostprocessing = 0;
		};
/* End PBXSourcesBuildPhase section */

/* Begin PBXVariantGroup section */
		CFC2E45620216EF40022C760 /* Main.storyboard */ = {
			isa = PBXVariantGroup;
			children = (
				CFC2E45720216EF40022C760 /* Base */,
			);
			name = Main.storyboard;
			sourceTree = "<group>";
		};
		CFC2E45B20216EF40022C760 /* LaunchScreen.storyboard */ = {
			isa = PBXVariantGroup;
			children = (
				CFC2E45C20216EF40022C760 /* Base */,
			);
			name = LaunchScreen.storyboard;
			sourceTree = "<group>";
		};
/* End PBXVariantGroup section */

/* Begin XCBuildConfiguration section */
		CFC2E45F20216EF40022C760 /* Debug */ = {
			isa = XCBuildConfiguration;
			buildSettings = {
				ALWAYS_SEARCH_USER_PATHS = NO;
				CLANG_ANALYZER_NONNULL = YES;
				CLANG_ANALYZER_NUMBER_OBJECT_CONVERSION = YES_AGGRESSIVE;
				CLANG_CXX_LANGUAGE_STANDARD = "gnu++14";
				CLANG_CXX_LIBRARY = "libc++";
				CLANG_ENABLE_MODULES = YES;
				CLANG_ENABLE_OBJC_ARC = YES;
				CLANG_WARN_BLOCK_CAPTURE_AUTORELEASING = YES;
				CLANG_WARN_BOOL_CONVERSION = YES;
				CLANG_WARN_COMMA = YES;
				CLANG_WARN_CONSTANT_CONVERSION = YES;
				CLANG_WARN_DIRECT_OBJC_ISA_USAGE = YES_ERROR;
				CLANG_WARN_DOCUMENTATION_COMMENTS = YES;
				CLANG_WARN_EMPTY_BODY = YES;
				CLANG_WARN_ENUM_CONVERSION = YES;
				CLANG_WARN_INFINITE_RECURSION = YES;
				CLANG_WARN_INT_CONVERSION = YES;
				CLANG_WARN_NON_LITERAL_NULL_CONVERSION = YES;
				CLANG_WARN_OBJC_LITERAL_CONVERSION = YES;
				CLANG_WARN_OBJC_ROOT_CLASS = YES_ERROR;
				CLANG_WARN_RANGE_LOOP_ANALYSIS = YES;
				CLANG_WARN_STRICT_PROTOTYPES = YES;
				CLANG_WARN_SUSPICIOUS_MOVE = YES;
				CLANG_WARN_UNGUARDED_AVAILABILITY = YES_AGGRESSIVE;
				CLANG_WARN_UNREACHABLE_CODE = YES;
				CLANG_WARN__DUPLICATE_METHOD_MATCH = YES;
				CODE_SIGN_IDENTITY = "iPhone Developer";
				COPY_PHASE_STRIP = NO;
				DEBUG_INFORMATION_FORMAT = dwarf;
				ENABLE_STRICT_OBJC_MSGSEND = YES;
				ENABLE_TESTABILITY = YES;
				GCC_C_LANGUAGE_STANDARD = gnu11;
				GCC_DYNAMIC_NO_PIC = NO;
				GCC_NO_COMMON_BLOCKS = YES;
				GCC_OPTIMIZATION_LEVEL = 0;
				GCC_PREPROCESSOR_DEFINITIONS = (
					"DEBUG=1",
					"$(inherited)",
				);
				GCC_WARN_64_TO_32_BIT_CONVERSION = YES;
				GCC_WARN_ABOUT_RETURN_TYPE = YES_ERROR;
				GCC_WARN_UNDECLARED_SELECTOR = YES;
				GCC_WARN_UNINITIALIZED_AUTOS = YES_AGGRESSIVE;
				GCC_WARN_UNUSED_FUNCTION = YES;
				GCC_WARN_UNUSED_VARIABLE = YES;
				IPHONEOS_DEPLOYMENT_TARGET = 11.2;
				MTL_ENABLE_DEBUG_INFO = YES;
				ONLY_ACTIVE_ARCH = YES;
				SDKROOT = iphoneos;
				SWIFT_ACTIVE_COMPILATION_CONDITIONS = DEBUG;
				SWIFT_OPTIMIZATION_LEVEL = "-Onone";
			};
			name = Debug;
		};
		CFC2E46020216EF40022C760 /* Release */ = {
			isa = XCBuildConfiguration;
			buildSettings = {
				ALWAYS_SEARCH_USER_PATHS = NO;
				CLANG_ANALYZER_NONNULL = YES;
				CLANG_ANALYZER_NUMBER_OBJECT_CONVERSION = YES_AGGRESSIVE;
				CLANG_CXX_LANGUAGE_STANDARD = "gnu++14";
				CLANG_CXX_LIBRARY = "libc++";
				CLANG_ENABLE_MODULES = YES;
				CLANG_ENABLE_OBJC_ARC = YES;
				CLANG_WARN_BLOCK_CAPTURE_AUTORELEASING = YES;
				CLANG_WARN_BOOL_CONVERSION = YES;
				CLANG_WARN_COMMA = YES;
				CLANG_WARN_CONSTANT_CONVERSION = YES;
				CLANG_WARN_DIRECT_OBJC_ISA_USAGE = YES_ERROR;
				CLANG_WARN_DOCUMENTATION_COMMENTS = YES;
				CLANG_WARN_EMPTY_BODY = YES;
				CLANG_WARN_ENUM_CONVERSION = YES;
				CLANG_WARN_INFINITE_RECURSION = YES;
				CLANG_WARN_INT_CONVERSION = YES;
				CLANG_WARN_NON_LITERAL_NULL_CONVERSION = YES;
				CLANG_WARN_OBJC_LITERAL_CONVERSION = YES;
				CLANG_WARN_OBJC_ROOT_CLASS = YES_ERROR;
				CLANG_WARN_RANGE_LOOP_ANALYSIS = YES;
				CLANG_WARN_STRICT_PROTOTYPES = YES;
				CLANG_WARN_SUSPICIOUS_MOVE = YES;
				CLANG_WARN_UNGUARDED_AVAILABILITY = YES_AGGRESSIVE;
				CLANG_WARN_UNREACHABLE_CODE = YES;
				CLANG_WARN__DUPLICATE_METHOD_MATCH = YES;
				CODE_SIGN_IDENTITY = "iPhone Developer";
				COPY_PHASE_STRIP = NO;
				DEBUG_INFORMATION_FORMAT = "dwarf-with-dsym";
				ENABLE_NS_ASSERTIONS = NO;
				ENABLE_STRICT_OBJC_MSGSEND = YES;
				GCC_C_LANGUAGE_STANDARD = gnu11;
				GCC_NO_COMMON_BLOCKS = YES;
				GCC_WARN_64_TO_32_BIT_CONVERSION = YES;
				GCC_WARN_ABOUT_RETURN_TYPE = YES_ERROR;
				GCC_WARN_UNDECLARED_SELECTOR = YES;
				GCC_WARN_UNINITIALIZED_AUTOS = YES_AGGRESSIVE;
				GCC_WARN_UNUSED_FUNCTION = YES;
				GCC_WARN_UNUSED_VARIABLE = YES;
				IPHONEOS_DEPLOYMENT_TARGET = 11.2;
				MTL_ENABLE_DEBUG_INFO = NO;
				SDKROOT = iphoneos;
				SWIFT_OPTIMIZATION_LEVEL = "-Owholemodule";
				VALIDATE_PRODUCT = YES;
			};
			name = Release;
		};
		CFC2E46220216EF40022C760 /* Debug */ = {
			isa = XCBuildConfiguration;
			buildSettings = {
				ASSETCATALOG_COMPILER_APPICON_NAME = AppIcon;
				CODE_SIGN_STYLE = Automatic;
				DEVELOPMENT_TEAM = 52PA8X6XZR;
				INFOPLIST_FILE = "MVC-Test/Info.plist";
				LD_RUNPATH_SEARCH_PATHS = "$(inherited) @executable_path/Frameworks";
				PRODUCT_BUNDLE_IDENTIFIER = "Foalster.MVC-Test";
				PRODUCT_NAME = "$(TARGET_NAME)";
				SWIFT_VERSION = 4.0;
				TARGETED_DEVICE_FAMILY = "1,2";
			};
			name = Debug;
		};
		CFC2E46320216EF40022C760 /* Release */ = {
			isa = XCBuildConfiguration;
			buildSettings = {
				ASSETCATALOG_COMPILER_APPICON_NAME = AppIcon;
				CODE_SIGN_STYLE = Automatic;
				DEVELOPMENT_TEAM = 52PA8X6XZR;
				INFOPLIST_FILE = "MVC-Test/Info.plist";
				LD_RUNPATH_SEARCH_PATHS = "$(inherited) @executable_path/Frameworks";
				PRODUCT_BUNDLE_IDENTIFIER = "Foalster.MVC-Test";
				PRODUCT_NAME = "$(TARGET_NAME)";
				SWIFT_VERSION = 4.0;
				TARGETED_DEVICE_FAMILY = "1,2";
			};
			name = Release;
		};
/* End XCBuildConfiguration section */

/* Begin XCConfigurationList section */
		CFC2E44A20216EF40022C760 /* Build configuration list for PBXProject "MVC-Test" */ = {
			isa = XCConfigurationList;
			buildConfigurations = (
				CFC2E45F20216EF40022C760 /* Debug */,
				CFC2E46020216EF40022C760 /* Release */,
			);
			defaultConfigurationIsVisible = 0;
			defaultConfigurationName = Release;
		};
		CFC2E46120216EF40022C760 /* Build configuration list for PBXNativeTarget "MVC-Test" */ = {
			isa = XCConfigurationList;
			buildConfigurations = (
				CFC2E46220216EF40022C760 /* Debug */,
				CFC2E46320216EF40022C760 /* Release */,
			);
			defaultConfigurationIsVisible = 0;
			defaultConfigurationName = Release;
		};
/* End XCConfigurationList section */
	};
	rootObject = CFC2E44720216EF40022C760 /* Project object */;
}
